format=1
count=292
entry=MainCliOverrideTest#config plus cli override resolves batch algorithms and runs()
entry=MainCliOverrideTest#legacy batch command fails with migration hint()
entry=MainCliOverrideTest#parser covers list config help flags and aliases()
entry=MainCliOverrideTest#parser rejects invalid subcommands values and flag assignments()
entry=MainCliOverrideTest#preset and algorithms together fail before execution()
entry=MainCliOverrideTest#resolver applies command preset before profile algorithms and profile preset()
entry=MainCliOverrideTest#resolver keeps default multi task counts when no config provides tasks()
entry=MainCliOverrideTest#resolver public compatibility entries cover defaults names and typed algorithms()
entry=MainCliOverrideTest#resolver rejects invalid mode with valid candidates()
entry=MainCliOverrideTest#resolver requires profile selection when config has no default()
entry=MainCliOverrideTest#resolver uses default profile and lets cli override profile defaults()
entry=MainCliOverrideTest#run dry-run parser resolves one batch algorithm()
entry=MainCliOverrideTest#run parser rejects missing option values with original keyword()
entry=MainCliOverrideTest#run parser rejects unknown flags and positional arguments()
entry=MainCliOverrideTest#run parser treats inline and spaced long options equivalently()
entry=MainCliOverrideTest#unknown realtime algorithm fails with valid candidates()
entry=broker.RealtimeBrokerCloudSemanticsTest#autoscaling creates dynamic vm after queue pressure and records cost()
entry=broker.RealtimeBrokerCloudSemanticsTest#deadline factor counts completed sla violations()
entry=broker.RealtimeBrokerCloudSemanticsTest#deadline preemption policy favors earlier deadline()
entry=broker.RealtimeBrokerCloudSemanticsTest#decision delay postpones submission and is counted()
entry=broker.RealtimeBrokerCloudSemanticsTest#failed attempts retry until retry limit then become permanent failures()
entry=broker.RealtimeBrokerCloudSemanticsTest#overload failure pressure can fail attempts without base failure rate()
entry=broker.RealtimeBrokerCloudSemanticsTest#physical host capacity rejection is surfaced as resource rejection()
entry=broker.RealtimeBrokerCloudSemanticsTest#preemption allows high priority task to displace lower priority task()
entry=broker.RealtimeBrokerCloudSemanticsTest#preemption disabled rejects when vm queue is full()
entry=broker.RealtimeBrokerCloudSemanticsTest#preemption max per task limits repeated displacement()
entry=broker.RealtimeBrokerCloudSemanticsTest#preemption respects minimum priority gap()
entry=broker.RealtimeBrokerCloudSemanticsTest#priority queue policy orders same-time arrivals before scheduling()
entry=broker.RealtimeBrokerCloudSemanticsTest#rejected tasks do not retry()
entry=broker.RealtimeBrokerCloudSemanticsTest#resource model rejects tasks when vm resources are exhausted()
entry=broker.RealtimeBrokerCloudSemanticsTest#runtime failure retries running tasks()
entry=broker.RealtimeBrokerCloudSemanticsTest#tenant budget rejection is reported separately from quota()
entry=broker.RealtimeBrokerCloudSemanticsTest#tenant fairness index is reported in bounded range()
entry=broker.RealtimeBrokerCloudSemanticsTest#tenant quota rejects excess tenant work without retry()
entry=broker.RealtimeBrokerCloudSemanticsTest#timeout retry action cancels current attempt and retries()
entry=broker.RealtimeBrokerCloudSemanticsTest#topology host failure pressure triggers runtime failure accounting()
entry=broker.RealtimeBrokerCloudSemanticsTest#trace metadata overrides tenant priority deadline and resource request()
entry=broker.RealtimeBrokerCloudSemanticsTest#vm queue capacity rejects excess tasks without retry()
entry=broker.RealtimeBrokerEventControllersTest#autoscaling controller covers disabled empty and dynamic tick branches()
entry=broker.RealtimeBrokerEventControllersTest#autoscaling controller emits submit and follow up tick commands()
entry=broker.RealtimeBrokerEventControllersTest#preemption executor rejects missing victims()
entry=broker.RealtimeBrokerEventControllersTest#preemption executor retries active victim and records recovery metrics()
entry=broker.RealtimeBrokerEventControllersTest#runtime controller plans timeout runtime failure and topology accounting()
entry=broker.RealtimeBrokerEventControllersTest#timeout retry action returns retry command and records metrics()
entry=broker.RealtimeBrokerEventRoutingTest#command executor applies scheduling and vm side effects()
entry=broker.RealtimeBrokerEventRoutingTest#router maps CloudSim events to typed broker events()
entry=broker.RealtimeBrokerPolicyComponentsTest#metadata factory freezes trace resource and tenant fields()
entry=broker.RealtimeBrokerPolicyComponentsTest#vm reservation policy keeps legacy partial and full reservation choices()
entry=broker.RealtimeBrokerStateTest#active vm resolver maps vm ids back to indexes()
entry=broker.RealtimeBrokerStateTest#active vm resolver prefers reservation indexes over cloudlet vm ids()
entry=broker.RealtimeBrokerStateTest#arrival state tracks attempts preassignment and immutable snapshots()
entry=broker.RealtimeBrokerStateTest#metrics state records reject counters and queue depth samples()
entry=broker.RealtimeBrokerStateTest#reservation state prunes failed and rejected reservations()
entry=broker.RealtimeTaskInterruptionControllerBranchTest#runtime failure retry records migration checkpoint recovery and loss()
entry=broker.RealtimeTaskInterruptionControllerBranchTest#runtime failure stops at retry limit()
entry=broker.RealtimeTaskInterruptionControllerBranchTest#stale attempts and terminal cloudlets are ignored()
entry=broker.RealtimeTaskInterruptionControllerBranchTest#timeout fail cancel and degrade actions preserve their contracts()
entry=broker.RealtimeTaskLifecycleStoreTest#invalid lifecycle transition fails clearly()
entry=broker.RealtimeTaskLifecycleStoreTest#valid lifecycle transitions are accepted and counted()
entry=broker.RealtimeTaskLifecycleStoreTest#value classes wrap cloudlet id and vm index safely()
entry=broker.RealtimeTenantControllerTest#dominant resource fairness index stays bounded()
entry=broker.RealtimeTenantControllerTest#fairness index returns one for balanced tenants()
entry=broker.RealtimeTenantControllerTest#future arrivals do not consume tenant quota before admission()
entry=broker.RealtimeTenantControllerTest#quota decision rejects when tenant active count reaches quota()
entry=broker.RealtimeTenantControllerTest#tenant assignment stays deterministic for same cloudlet id()
entry=broker.RealtimeTenantControllerTest#tenant budget rejects excess estimated resource cost()
entry=broker.RealtimeTenantControllerTest#tenant burst allowance permits quota overflow()
entry=broker.RealtimeTraceMetadataProviderTest#broker submit specs realtime stores metadata without registry()
entry=broker.RealtimeTraceMetadataProviderTest#legacy cloudlet list submission keeps trace metadata empty()
entry=broker.RealtimeTraceMetadataProviderTest#resource model reads explicit metadata provider()
entry=broker.RealtimeVmSelectionFacadeTest#capacity exhaustion rejects selection and reports capacity reason()
entry=broker.RealtimeVmSelectionFacadeTest#dynamic selection bounds scheduler result and exposes active vm indexes()
entry=broker.RealtimeVmSelectionFacadeTest#resource exhaustion rejects selection and reports resource reason()
entry=broker.RealtimeVmSelectionFacadeTest#static selection uses preview and deterministic decision jitter()
entry=broker.RealtimeVmSelectionFacadeTest#zero jitter returns configured decision delay()
entry=cli.CommandExecutionCoordinatorTest#coordinator maps resolved run to launcher and output context()
entry=cli.CommandExecutionCoordinatorTest#dry run validates and resolves without creating output or launching()
entry=cli.CommandExecutionCoordinatorTest#missing output directory fails before launch()
entry=cli.CommandExecutorProductionPathTest#batch and realtime dry runs do not create output directories()
entry=cli.CommandExecutorProductionPathTest#command executor handles help list validate and print commands()
entry=cli.CommandExecutorProductionPathTest#command executor propagates configuration failures()
entry=cli.DryRunPrinterTest#batch and realtime dry run text match committed snapshots()
entry=cli.DryRunPrinterTest#dry run prints realtime scheduling and topology snapshots()
entry=cli.DryRunPrinterTest#dry run prints stable batch field order()
entry=cli.DryRunPrinterTest#invalid algorithm listing mode keeps error keyword()
entry=cli.DryRunPrinterTest#resolved json keeps stable primary field order()
entry=cli.DryRunPrinterTest#usage profiles presets and algorithm listings use output sink()
entry=cli.ProductionExperimentLauncherTest#launcher maps all production modes to matching requests()
entry=cli.ProductionExperimentLauncherTest#launcher rejects unknown mode and missing output directory()
entry=cli.RunResolverBranchTest#apply run overrides applies command mode seed and output directory()
entry=cli.RunResolverBranchTest#apply run overrides falls back to experiment mode seed output and selected algorithms()
entry=cli.RunResolverBranchTest#load base configs treats blank config path as default config()
entry=cli.RunResolverBranchTest#render experiment name handles realtime task token preset and empty algorithms()
entry=config.ConfigValidationIntegrationTest#should accept valid custom objective weights()
entry=config.ConfigValidationIntegrationTest#should load and validate default config successfully()
entry=config.ConfigValidationIntegrationTest#should provide detailed error information in ConfigValidationException()
entry=config.ConfigValidationIntegrationTest#should reject invalid batch config with negative cloudlet count()
entry=config.ConfigValidationIntegrationTest#should reject invalid objective weights with negative values()
entry=config.ConfigValidationIntegrationTest#should reject objective weights that sum to zero()
entry=config.ConfigValidationTest#realtime validation keeps field path and message keyword()
entry=config.ConfigValidationTest#should create valid default config()
entry=config.ConfigValidationTest#should create valid generator configs()
entry=config.ConfigValidationTest#should create valid objective weights config()
entry=config.ConfigValidationTest#should handle invalid generator type gracefully()
entry=config.ConfigValidationTest#should parse generator types correctly()
entry=config.ConfigValidationTest#should validate batch config parameters()
entry=config.ConfigValidationTest#should validate google trace config parameters()
entry=config.ConfigValidationTest#should validate objective weights range(double)
entry=config.ConfigValidationTest#should validate objective weights sum greater than zero()
entry=config.ConfigValidationTest#should validate optimizer config parameters()
entry=config.ConfigValidationTest#should validate realtime config parameters()
entry=config.ConfigValidationTest#should validate realtime core and resource scheduling parameters()
entry=config.ConfigValidationTest#should validate realtime reliability parameters()
entry=config.ConfigValidationTest#should validate realtime tenant parameters()
entry=config.ConfigValidationTest#should validate realtime topology parameters()
entry=config.ConfigurationManagerIntegrationTest#load profiles only config successfully()
entry=config.ConfigurationManagerIntegrationTest#load system plus profiles config successfully()
entry=config.ConfigurationManagerIntegrationTest#loadFromSingleFile with blank path throws exception()
entry=config.ConfigurationManagerIntegrationTest#loadFromSingleFile with invalid config throws exception()
entry=config.ConfigurationManagerIntegrationTest#loadFromSingleFile with non existent file throws exception()
entry=config.ConfigurationManagerTest#loadFromSeparateFiles uses system defaults and profile config()
entry=config.ConfigurationManagerTest#loadFromSingleFile reads nested profile batch objective and realtime scheduling()
entry=config.ConfigurationManagerTest#loadFromSingleFile reads profiles and system config()
entry=config.ConfigurationManagerTest#loadFromSingleFile rejects old top level schema()
entry=config.ConfigurationManagerTest#loadFromSingleFile rejects unknown profile field()
entry=config.ConfigurationManagerTest#loadFromSingleFile supports standard toml dynamic maps and multiline arrays()
entry=config.ConfigurationManagerTest#loadFromSingleFile with blank file path throws exception()
entry=config.ConfigurationManagerTest#loadFromSingleFile with empty file throws exception()
entry=config.ConfigurationManagerTest#loadFromSingleFile with invalid toml format throws exception()
entry=config.ConfigurationManagerTest#loadFromSingleFile with non existent file throws exception()
entry=config.DocumentationDriftTest#all config toml files parse and profile configs resolve dry runs()
entry=config.DocumentationDriftTest#detekt baseline remains removed()
entry=config.DocumentationDriftTest#legacy compatibility wrappers have no remaining source references()
entry=config.DocumentationDriftTest#readme toml snippets are standalone parseable configs()
entry=config.DocumentationDriftTest#release readiness documents real Gradle verification tasks()
entry=config.ProfileConfigValidatorFacadeTest#profile validation preserves field order and message keywords()
entry=config.ProfileConfigValidatorFacadeTest#required profiles rejects an empty profile library()
entry=config.RealtimeConfigValidatorSnapshotTest#realtime validation errors match committed snapshot()
entry=config.SystemConfigTest#test createDefault returns valid config()
entry=config.SystemConfigTest#test load with empty config file uses defaults()
entry=config.SystemConfigTest#test load with invalid toml format throws exception()
entry=config.SystemConfigTest#test load with non-existent file throws exception()
entry=config.SystemConfigTest#test load with valid config file()
entry=config.SystemConfigTest#test path traversal protection()
entry=config.SystemConfigTest#test validation with invalid gc algorithm fails()
entry=config.SystemConfigTest#test validation with invalid heap size format fails()
entry=config.SystemConfigTest#test validation with invalid logging level fails()
entry=config.SystemConfigTest#test validation with invalid output dir fails()
entry=config.SystemConfigTest#test validation with negative concurrent count fails()
entry=config.SystemConfigTest#test validation with valid config passes()
entry=config.SystemEnvConfigLoaderTest#disabled environment config returns null()
entry=config.SystemEnvConfigLoaderTest#environment config maps all supported values()
entry=config.SystemEnvConfigLoaderTest#missing and invalid environment values use defaults()
entry=datacenter.BatchRunOutcomeTest#cloudlet count summary row aligns with generated headers()
entry=datacenter.BatchRunOutcomeTest#failed summary writes status and blank metric fields()
entry=datacenter.BatchRunOutcomeTest#status reflects success partial failure and all failed runs()
entry=datacenter.BatchRunOutcomeTest#summary statistics use only successful outcomes()
entry=datacenter.BatchRunOutcomeTest#trial csv row keeps failure metrics blank without sentinel values()
entry=datacenter.ComparisonRunnerBranchTest#runner converts supported algorithm failures and sorts summaries()
entry=datacenter.ComparisonRunnerBranchTest#runner keeps all failed summary and propagates cancellation()
entry=datacenter.ComparisonRunnerBranchTest#runner propagates exporter failures after successful execution()
entry=datacenter.ComparisonRunnerBranchTest#runner rejects empty algorithms()
entry=datacenter.ExecutionAndMetricsIntegrationTest#batch executor produces finite metrics for a small fixed-seed simulation()
entry=datacenter.ExecutionAndMetricsIntegrationTest#batch executor propagates scheduler factory failure()
entry=datacenter.ExecutionAndMetricsIntegrationTest#batch metric calculator handles cost tiers failed tasks and unknown vm ids()
entry=datacenter.ExecutionAndMetricsIntegrationTest#realtime metrics handle failed task and non-contiguous vm ids()
entry=datacenter.ExperimentRequestsTest#batch multi request creates single count child without changing execution()
entry=datacenter.ExperimentRequestsTest#realtime request keeps optimizer and execution settings()
entry=datacenter.GeneratorTest#google trace generator falls back when trace file is empty()
entry=datacenter.GeneratorTest#google trace generator falls back when trace file is missing()
entry=datacenter.GeneratorTest#google trace generator skips malformed rows and keeps valid schedule rows()
entry=datacenter.GeneratorTest#should create google trace generator correctly()
entry=datacenter.GeneratorTest#should create log normal generator correctly()
entry=datacenter.GeneratorTest#should create uniform generator correctly()
entry=datacenter.GeneratorTest#should generate cloudlets with utilization models()
entry=datacenter.GeneratorTest#should generate log normal cloudlets with correct properties()
entry=datacenter.GeneratorTest#should generate uniform cloudlets with correct properties()
entry=datacenter.GeneratorTest#should handle zero cloudlet count gracefully()
entry=datacenter.PerformanceTrendReportTest#parse rejects malformed or incomplete JMH results()
entry=datacenter.PerformanceTrendReportTest#render handles empty input missing baseline allocation and zero baseline()
entry=datacenter.PerformanceTrendReportTest#renders jmh json with allocation and baseline delta()
entry=datacenter.RealtimeCloudletGeneratorTest#burst arrival produces visible interval variation()
entry=datacenter.RealtimeCloudletGeneratorTest#poisson arrival times stay within simulation duration and remain ordered()
entry=datacenter.RealtimeCloudletGeneratorTest#uniform arrival creates evenly spaced cloudlets()
entry=datacenter.RealtimeExperimentRunnerTest#runner executes a small fixed seed realtime simulation()
entry=datacenter.RealtimeExperimentRunnerTest#runner propagates scheduler factory failures()
entry=datacenter.RealtimeMetricSchemaTest#metric catalog matches committed snapshot()
entry=datacenter.RealtimeMetricSchemaTest#metric documentation generator writes file without parent directory()
entry=datacenter.RealtimeMetricSchemaTest#metric documentation generator writes parent directories(java.nio.file.Path)
entry=datacenter.RealtimeMetricSchemaTest#metric documentation is generated from schema()
entry=datacenter.RealtimeMetricSchemaTest#metric documentation renderer handles empty metric list()
entry=datacenter.RealtimeMetricSchemaTest#metric headers match committed snapshot()
entry=datacenter.RealtimeMetricSchemaTest#metric projections preserve schema order()
entry=datacenter.RealtimeMetricSchemaTest#schema defines every metric key exactly once in enum order()
entry=datacenter.RealtimeMetricSchemaTest#summary and trial headers come from one schema()
entry=datacenter.RealtimeMetricSchemaTest#summary rows match generated headers()
entry=datacenter.RealtimeMetricsCollectorTest#collector applies deadline sla penalty percentiles and vm cost tiers()
entry=datacenter.RealtimeMetricsCollectorTest#collector handles success failed other status and unknown vm fallback()
entry=datacenter.RealtimeMetricsCollectorTest#collector projects empty task and broker metrics()
entry=datacenter.RealtimePerformanceBenchmarkRunnerTest#algorithm parsing covers blank aliases distinct and unknown values()
entry=datacenter.RealtimePerformanceBenchmarkRunnerTest#benchmark option parsing covers defaults coercion and invalid arguments()
entry=datacenter.RealtimePerformanceBenchmarkRunnerTest#benchmark report can record failed results without breaking json schema()
entry=datacenter.RealtimePerformanceBenchmarkRunnerTest#runner records injected failures and coerces measured runs()
entry=datacenter.RealtimePerformanceBenchmarkRunnerTest#smoke benchmark writes parseable json report()
entry=datacenter.RealtimePerformanceBenchmarkRunnerTest#top level benchmark execution covers batch realtime and bounded scheduler result()
entry=datacenter.RealtimePerformanceBenchmarkRunnerTest#write failure is propagated()
entry=datacenter.RealtimeRunOutcomeTest#failed summary writes status and blank metric fields()
entry=datacenter.RealtimeRunOutcomeTest#status reflects success partial failure and all failed runs()
entry=datacenter.RealtimeRunOutcomeTest#summary statistics use only successful outcomes()
entry=datacenter.RealtimeRunOutcomeTest#trial csv row keeps failure metrics blank without sentinel values()
entry=datacenter.ResultExporterTest#batch exporter writes trial comparison and summary csv()
entry=datacenter.ResultExporterTest#cloudlet count exporters sort counts and preserve headers()
entry=datacenter.ResultExporterTest#csv disabled exporters do not create files()
entry=datacenter.ResultExporterTest#export failure propagates to caller()
entry=datacenter.ResultExporterTest#realtime exporter writes failed trial and empty summary values()
entry=datacenter.RunnerServicesTest#batch runner increments seeds saves trials and keeps partial failures()
entry=datacenter.RunnerServicesTest#cloudlet count runner propagates exporter failures()
entry=datacenter.RunnerServicesTest#cloudlet count runners create sorted child requests and child output directories()
entry=datacenter.RunnerServicesTest#cloudlet count runners sort nonempty summaries before exporting()
entry=datacenter.RunnerServicesTest#realtime runner increments seeds and exports failed trial()
entry=scheduler.PSOTest#should execute PSO and return valid result()
entry=scheduler.PSOTest#should handle edge case with single VM()
entry=scheduler.PSOTest#should handle edge case with single cloudlet()
entry=scheduler.PSOTest#should initialize PSO with correct parameters()
entry=scheduler.PSOTest#should produce different results with different random seeds()
entry=scheduler.PSOTest#should respect bounds in PSO execution()
entry=scheduler.RealtimeCloudResourceComponentsTest#candidate scorer keeps rejected placements for diagnostics()
entry=scheduler.RealtimeCloudResourceComponentsTest#physical host metrics use active cloud resource demand()
entry=scheduler.RealtimeCloudResourceComponentsTest#resource snapshot combines active reservations and incoming resource demand()
entry=scheduler.RealtimeCloudResourceComponentsTest#topology annotator rejects projected physical demand above capacity()
entry=scheduler.RealtimeCloudResourceComponentsTest#topology annotator returns empty candidates when no topology feature is enabled()
entry=scheduler.RealtimeCloudResourceComponentsTest#topology annotator scores data locality and image cache decisions()
entry=scheduler.RealtimeTopologyModelTest#dynamic vm chooses least loaded failure domain()
entry=scheduler.RealtimeTopologyModelTest#latency and cost reflect local rack and cross region placement()
entry=scheduler.RealtimeTopologyModelTest#latency aware scheduler prefers earliest topology adjusted available time()
entry=scheduler.RealtimeTopologyModelTest#metrics count cross rack cross region latency cost and spread()
entry=scheduler.RealtimeTopologyModelTest#physical candidates enforce capacity and reuse image cache()
entry=scheduler.RealtimeTopologyModelTest#spread fault domains scheduler prefers lower domain load before latency()
entry=scheduler.RealtimeTopologyModelTest#vm index maps to deterministic topology location()
entry=scheduler.SchedulerCoreCoverageTest#batch schedulers reject empty task lists()
entry=scheduler.SchedulerCoreCoverageTest#realtime base covers threshold repair fallback and noncontinuous vm ids()
entry=scheduler.SchedulerCoreCoverageTest#realtime base orders queue topology and tenant policies()
entry=scheduler.SchedulerCoreCoverageTest#realtime random scheduler uses accepted candidates and fixed seed()
entry=scheduler.SchedulerCoreCoverageTest#rl schedulers allocate every task to the only vm()
entry=scheduler.SchedulerCoreCoverageTest#rl schedulers are reproducible and produce finite valid allocations()
entry=scheduler.SchedulerOptimizationTest#algorithm definitions expose metadata and reject non canonical names()
entry=scheduler.SchedulerOptimizationTest#algorithm registry expands defaults and removes duplicate aliases()
entry=scheduler.SchedulerOptimizationTest#algorithm registry factories create every scheduler capability()
entry=scheduler.SchedulerOptimizationTest#algorithm registry rejects ALL mixed with other names()
entry=scheduler.SchedulerOptimizationTest#algorithm registry reports compatibility and unknown candidates by mode()
entry=scheduler.SchedulerOptimizationTest#algorithm registry resolves aliases by mode()
entry=scheduler.SchedulerOptimizationTest#assignment vector codec clamps and rounds allocations()
entry=scheduler.SchedulerOptimizationTest#assignment vector codec handles single vm bounds()
entry=scheduler.SchedulerOptimizationTest#metaheuristic schedulers return valid allocations()
entry=scheduler.SchedulerOptimizationTest#objective function returns finite fitness for homogeneous vms()
entry=scheduler.SchedulerOptimizationTest#objective function returns finite fitness for single vm bounds()
entry=scheduler.SchedulerOptimizationTest#realtime optimizer factories pass objective weights()
entry=scheduler.SchedulerOptimizationTest#realtime optimizers use lightweight path below threshold()
entry=scheduler.SchedulerOptimizationTest#realtime pso optimizer only returns accepting candidate vm()
entry=scheduler.SchedulerOptimizationTest#realtime woa optimizer only returns accepting candidate vm()
entry=scheduler.SchedulerOptimizationTest#scheduler rejects allocation length mismatch()
entry=scheduler.SchedulerOptimizationTest#scheduler rejects empty vm list before allocation()
entry=scheduler.SchedulerOptimizationTest#scheduler rejects negative vm index()
entry=scheduler.SchedulerOptimizationTest#scheduler rejects out of range vm index()
entry=scheduler.SchedulerOptimizationTest#typed registry rejects algorithms from the wrong mode()
entry=util.CloudletResultMapperTest#maps original cloudlets to vm indexes by id regardless of order()
entry=util.CsvRowWriterTest#escapes delimiter quotes and newlines()
entry=util.CsvRowWriterTest#formats null numbers and enums consistently()
entry=util.CsvRowWriterTest#rejects rows that do not match schema width()
entry=util.CsvRowWriterTest#writes schema checked table()
entry=util.ExperimentConcurrencyTest#max concurrency one serializes mapped work()
entry=util.ExperimentConcurrencyTest#sequential mode does not dispatch mapped work concurrently()
entry=util.ExperimentOutputContextConfigTest#creates experiment directory and saves resolved config()
entry=util.ExperimentOutputContextConfigTest#csv delimiter is applied when enabled()
entry=util.ExperimentOutputContextConfigTest#csv disabled suppresses trial file output()
entry=util.ExperimentOutputContextFailureTest#base result path failures are propagated()
entry=util.ExperimentOutputContextFailureTest#output writes propagate filesystem failures()
entry=util.ExperimentOutputContextTest#child output context inherits csv settings and writes into child directory()
entry=util.ExperimentOutputContextTest#concurrent trial writes keep a single header and complete rows()
entry=util.ExperimentOutputContextTest#experiment directory numbering and explicit names are deterministic()
entry=util.StatisticalTest#should calculate maximum correctly()
entry=util.StatisticalTest#should calculate mean correctly()
entry=util.StatisticalTest#should calculate minimum correctly()
entry=util.StatisticalTest#should calculate standard deviation correctly()
entry=util.StatisticalTest#should create statistical value from array correctly()
entry=util.StatisticalTest#should format statistical value correctly()
entry=util.StatisticalTest#should handle constant values array()
entry=util.StatisticalTest#should handle decimal values correctly()
entry=util.StatisticalTest#should handle empty array gracefully()
entry=util.StatisticalTest#should handle negative values correctly()
entry=util.StatisticalTest#should handle precision correctly in formatting()
entry=util.StatisticalTest#should handle single element array()
